// !$*UTF8*$!
{
	archiveVersion = 1;
	classes = {
	};
	objectVersion = 55;
	objects = {

/* Begin PBXBuildFile section */
		2381FA582749DB4B00C93D5C /* HisaabCoreDataApp.swift in Sources */ = {isa = PBXBuildFile; fileRef = 2381FA572749DB4B00C93D5C /* HisaabCoreDataApp.swift */; };
		2381FA5A2749DB4B00C93D5C /* ContentView.swift in Sources */ = {isa = PBXBuildFile; fileRef = 2381FA592749DB4B00C93D5C /* ContentView.swift */; };
		2381FA5C2749DB4D00C93D5C /* Assets.xcassets in Resources */ = {isa = PBXBuildFile; fileRef = 2381FA5B2749DB4D00C93D5C /* Assets.xcassets */; };
		2381FA5F2749DB4D00C93D5C /* Preview Assets.xcassets in Resources */ = {isa = PBXBuildFile; fileRef = 2381FA5E2749DB4D00C93D5C /* Preview Assets.xcassets */; };
		2381FA612749DB4D00C93D5C /* Persistence.swift in Sources */ = {isa = PBXBuildFile; fileRef = 2381FA602749DB4D00C93D5C /* Persistence.swift */; };
		2381FA642749DB4D00C93D5C /* HisaabCoreData.xcdatamodeld in Sources */ = {isa = PBXBuildFile; fileRef = 2381FA622749DB4D00C93D5C /* HisaabCoreData.xcdatamodeld */; };
		2381FA6E2749DB4E00C93D5C /* HisaabCoreDataTests.swift in Sources */ = {isa = PBXBuildFile; fileRef = 2381FA6D2749DB4E00C93D5C /* HisaabCoreDataTests.swift */; };
		2381FA782749DB4E00C93D5C /* HisaabCoreDataUITests.swift in Sources */ = {isa = PBXBuildFile; fileRef = 2381FA772749DB4E00C93D5C /* HisaabCoreDataUITests.swift */; };
		2381FA7A2749DB4E00C93D5C /* HisaabCoreDataUITestsLaunchTests.swift in Sources */ = {isa = PBXBuildFile; fileRef = 2381FA792749DB4E00C93D5C /* HisaabCoreDataUITestsLaunchTests.swift */; };
		2381FAAA2749DBC700C93D5C /* HisaabContoller.swift in Sources */ = {isa = PBXBuildFile; fileRef = 2381FA962749DBC700C93D5C /* HisaabContoller.swift */; };
		2381FAAB2749DBC700C93D5C /* HisaabListView.swift in Sources */ = {isa = PBXBuildFile; fileRef = 2381FA972749DBC700C93D5C /* HisaabListView.swift */; };
		2381FAAC2749DBC700C93D5C /* InsightsView.swift in Sources */ = {isa = PBXBuildFile; fileRef = 2381FA992749DBC700C93D5C /* InsightsView.swift */; };
		2381FAAD2749DBC700C93D5C /* TabBarView.swift in Sources */ = {isa = PBXBuildFile; fileRef = 2381FA9A2749DBC700C93D5C /* TabBarView.swift */; };
		2381FAAF2749DBC700C93D5C /* Authenticator.swift in Sources */ = {isa = PBXBuildFile; fileRef = 2381FA9E2749DBC700C93D5C /* Authenticator.swift */; };
		2381FAB02749DBC700C93D5C /* TitleView.swift in Sources */ = {isa = PBXBuildFile; fileRef = 2381FA9F2749DBC700C93D5C /* TitleView.swift */; };
		2381FAB12749DBC700C93D5C /* LoginView.swift in Sources */ = {isa = PBXBuildFile; fileRef = 2381FAA02749DBC700C93D5C /* LoginView.swift */; };
		2381FAB22749DBC700C93D5C /* SignupView.swift in Sources */ = {isa = PBXBuildFile; fileRef = 2381FAA12749DBC700C93D5C /* SignupView.swift */; };
		2381FAB32749DBC700C93D5C /* ExpenseCardView.swift in Sources */ = {isa = PBXBuildFile; fileRef = 2381FAA22749DBC700C93D5C /* ExpenseCardView.swift */; };
		2381FAB42749DBC700C93D5C /* ProfileView.swift in Sources */ = {isa = PBXBuildFile; fileRef = 2381FAA42749DBC700C93D5C /* ProfileView.swift */; };
		2381FAB52749DBC700C93D5C /* AddCategoryView.swift in Sources */ = {isa = PBXBuildFile; fileRef = 2381FAA62749DBC700C93D5C /* AddCategoryView.swift */; };
		2381FAB62749DBC700C93D5C /* AddExpenseView.swift in Sources */ = {isa = PBXBuildFile; fileRef = 2381FAA72749DBC700C93D5C /* AddExpenseView.swift */; };
		2381FAB72749DBC700C93D5C /* LargeButtonView.swift in Sources */ = {isa = PBXBuildFile; fileRef = 2381FAA92749DBC700C93D5C /* LargeButtonView.swift */; };
/* End PBXBuildFile section */

/* Begin PBXContainerItemProxy section */
		2381FA6A2749DB4E00C93D5C /* PBXContainerItemProxy */ = {
			isa = PBXContainerItemProxy;
			containerPortal = 2381FA4C2749DB4B00C93D5C /* Project object */;
			proxyType = 1;
			remoteGlobalIDString = 2381FA532749DB4B00C93D5C;
			remoteInfo = HisaabCoreData;
		};
		2381FA742749DB4E00C93D5C /* PBXContainerItemProxy */ = {
			isa = PBXContainerItemProxy;
			containerPortal = 2381FA4C2749DB4B00C93D5C /* Project object */;
			proxyType = 1;
			remoteGlobalIDString = 2381FA532749DB4B00C93D5C;
			remoteInfo = HisaabCoreData;
		};
/* End PBXContainerItemProxy section */

/* Begin PBXFileReference section */
		2381FA542749DB4B00C93D5C /* HisaabCoreData.app */ = {isa = PBXFileReference; explicitFileType = wrapper.application; includeInIndex = 0; path = HisaabCoreData.app; sourceTree = BUILT_PRODUCTS_DIR; };
		2381FA572749DB4B00C93D5C /* HisaabCoreDataApp.swift */ = {isa = PBXFileReference; lastKnownFileType = sourcecode.swift; path = HisaabCoreDataApp.swift; sourceTree = "<group>"; };
		2381FA592749DB4B00C93D5C /* ContentView.swift */ = {isa = PBXFileReference; lastKnownFileType = sourcecode.swift; path = ContentView.swift; sourceTree = "<group>"; };
		2381FA5B2749DB4D00C93D5C /* Assets.xcassets */ = {isa = PBXFileReference; lastKnownFileType = folder.assetcatalog; path = Assets.xcassets; sourceTree = "<group>"; };
		2381FA5E2749DB4D00C93D5C /* Preview Assets.xcassets */ = {isa = PBXFileReference; lastKnownFileType = folder.assetcatalog; path = "Preview Assets.xcassets"; sourceTree = "<group>"; };
		2381FA602749DB4D00C93D5C /* Persistence.swift */ = {isa = PBXFileReference; lastKnownFileType = sourcecode.swift; path = Persistence.swift; sourceTree = "<group>"; };
		2381FA632749DB4D00C93D5C /* HisaabCoreData.xcdatamodel */ = {isa = PBXFileReference; lastKnownFileType = wrapper.xcdatamodel; path = HisaabCoreData.xcdatamodel; sourceTree = "<group>"; };
		2381FA692749DB4E00C93D5C /* HisaabCoreDataTests.xctest */ = {isa = PBXFileReference; explicitFileType = wrapper.cfbundle; includeInIndex = 0; path = HisaabCoreDataTests.xctest; sourceTree = BUILT_PRODUCTS_DIR; };
		2381FA6D2749DB4E00C93D5C /* HisaabCoreDataTests.swift */ = {isa = PBXFileReference; lastKnownFileType = sourcecode.swift; path = HisaabCoreDataTests.swift; sourceTree = "<group>"; };
		2381FA732749DB4E00C93D5C /* HisaabCoreDataUITests.xctest */ = {isa = PBXFileReference; explicitFileType = wrapper.cfbundle; includeInIndex = 0; path = HisaabCoreDataUITests.xctest; sourceTree = BUILT_PRODUCTS_DIR; };
		2381FA772749DB4E00C93D5C /* HisaabCoreDataUITests.swift */ = {isa = PBXFileReference; lastKnownFileType = sourcecode.swift; path = HisaabCoreDataUITests.swift; sourceTree = "<group>"; };
		2381FA792749DB4E00C93D5C /* HisaabCoreDataUITestsLaunchTests.swift */ = {isa = PBXFileReference; lastKnownFileType = sourcecode.swift; path = HisaabCoreDataUITestsLaunchTests.swift; sourceTree = "<group>"; };
		2381FA962749DBC700C93D5C /* HisaabContoller.swift */ = {isa = PBXFileReference; fileEncoding = 4; lastKnownFileType = sourcecode.swift; path = HisaabContoller.swift; sourceTree = "<group>"; };
		2381FA972749DBC700C93D5C /* HisaabListView.swift */ = {isa = PBXFileReference; fileEncoding = 4; lastKnownFileType = sourcecode.swift; path = HisaabListView.swift; sourceTree = "<group>"; };
		2381FA992749DBC700C93D5C /* InsightsView.swift */ = {isa = PBXFileReference; fileEncoding = 4; lastKnownFileType = sourcecode.swift; path = InsightsView.swift; sourceTree = "<group>"; };
		2381FA9A2749DBC700C93D5C /* TabBarView.swift */ = {isa = PBXFileReference; fileEncoding = 4; lastKnownFileType = sourcecode.swift; path = TabBarView.swift; sourceTree = "<group>"; };
		2381FA9E2749DBC700C93D5C /* Authenticator.swift */ = {isa = PBXFileReference; fileEncoding = 4; lastKnownFileType = sourcecode.swift; path = Authenticator.swift; sourceTree = "<group>"; };
		2381FA9F2749DBC700C93D5C /* TitleView.swift */ = {isa = PBXFileReference; fileEncoding = 4; lastKnownFileType = sourcecode.swift; path = TitleView.swift; sourceTree = "<group>"; };
		2381FAA02749DBC700C93D5C /* LoginView.swift */ = {isa = PBXFileReference; fileEncoding = 4; lastKnownFileType = sourcecode.swift; path = LoginView.swift; sourceTree = "<group>"; };
		2381FAA12749DBC700C93D5C /* SignupView.swift */ = {isa = PBXFileReference; fileEncoding = 4; lastKnownFileType = sourcecode.swift; path = SignupView.swift; sourceTree = "<group>"; };
		2381FAA22749DBC700C93D5C /* ExpenseCardView.swift */ = {isa = PBXFileReference; fileEncoding = 4; lastKnownFileType = sourcecode.swift; path = ExpenseCardView.swift; sourceTree = "<group>"; };
		2381FAA42749DBC700C93D5C /* ProfileView.swift */ = {isa = PBXFileReference; fileEncoding = 4; lastKnownFileType = sourcecode.swift; path = ProfileView.swift; sourceTree = "<group>"; };
		2381FAA62749DBC700C93D5C /* AddCategoryView.swift */ = {isa = PBXFileReference; fileEncoding = 4; lastKnownFileType = sourcecode.swift; path = AddCategoryView.swift; sourceTree = "<group>"; };
		2381FAA72749DBC700C93D5C /* AddExpenseView.swift */ = {isa = PBXFileReference; fileEncoding = 4; lastKnownFileType = sourcecode.swift; path = AddExpenseView.swift; sourceTree = "<group>"; };
		2381FAA92749DBC700C93D5C /* LargeButtonView.swift */ = {isa = PBXFileReference; fileEncoding = 4; lastKnownFileType = sourcecode.swift; path = LargeButtonView.swift; sourceTree = "<group>"; };
/* End PBXFileReference section */

/* Begin PBXFrameworksBuildPhase section */
		2381FA512749DB4B00C93D5C /* Frameworks */ = {
			isa = PBXFrameworksBuildPhase;
			buildActionMask = 2147483647;
			files = (
			);
			runOnlyForDeploymentPostprocessing = 0;
		};
		2381FA662749DB4E00C93D5C /* Frameworks */ = {
			isa = PBXFrameworksBuildPhase;
			buildActionMask = 2147483647;
			files = (
			);
			runOnlyForDeploymentPostprocessing = 0;
		};
		2381FA702749DB4E00C93D5C /* Frameworks */ = {
			isa = PBXFrameworksBuildPhase;
			buildActionMask = 2147483647;
			files = (
			);
			runOnlyForDeploymentPostprocessing = 0;
		};
/* End PBXFrameworksBuildPhase section */

/* Begin PBXGroup section */
		2381FA4B2749DB4B00C93D5C = {
			isa = PBXGroup;
			children = (
				2381FA562749DB4B00C93D5C /* HisaabCoreData */,
				2381FA6C2749DB4E00C93D5C /* HisaabCoreDataTests */,
				2381FA762749DB4E00C93D5C /* HisaabCoreDataUITests */,
				2381FA552749DB4B00C93D5C /* Products */,
			);
			sourceTree = "<group>";
		};
		2381FA552749DB4B00C93D5C /* Products */ = {
			isa = PBXGroup;
			children = (
				2381FA542749DB4B00C93D5C /* HisaabCoreData.app */,
				2381FA692749DB4E00C93D5C /* HisaabCoreDataTests.xctest */,
				2381FA732749DB4E00C93D5C /* HisaabCoreDataUITests.xctest */,
			);
			name = Products;
			sourceTree = "<group>";
		};
		2381FA562749DB4B00C93D5C /* HisaabCoreData */ = {
			isa = PBXGroup;
			children = (
				2381FA942749DBC700C93D5C /* View */,
				2381FA8B2749DBB400C93D5C /* Model */,
				2381FA572749DB4B00C93D5C /* HisaabCoreDataApp.swift */,
				2381FA592749DB4B00C93D5C /* ContentView.swift */,
				2381FA5B2749DB4D00C93D5C /* Assets.xcassets */,
				2381FA602749DB4D00C93D5C /* Persistence.swift */,
				2381FA622749DB4D00C93D5C /* HisaabCoreData.xcdatamodeld */,
				2381FA5D2749DB4D00C93D5C /* Preview Content */,
			);
			path = HisaabCoreData;
			sourceTree = "<group>";
		};
		2381FA5D2749DB4D00C93D5C /* Preview Content */ = {
			isa = PBXGroup;
			children = (
				2381FA5E2749DB4D00C93D5C /* Preview Assets.xcassets */,
			);
			path = "Preview Content";
			sourceTree = "<group>";
		};
		2381FA6C2749DB4E00C93D5C /* HisaabCoreDataTests */ = {
			isa = PBXGroup;
			children = (
				2381FA6D2749DB4E00C93D5C /* HisaabCoreDataTests.swift */,
			);
			path = HisaabCoreDataTests;
			sourceTree = "<group>";
		};
		2381FA762749DB4E00C93D5C /* HisaabCoreDataUITests */ = {
			isa = PBXGroup;
			children = (
				2381FA772749DB4E00C93D5C /* HisaabCoreDataUITests.swift */,
				2381FA792749DB4E00C93D5C /* HisaabCoreDataUITestsLaunchTests.swift */,
			);
			path = HisaabCoreDataUITests;
			sourceTree = "<group>";
		};
		2381FA8B2749DBB400C93D5C /* Model */ = {
			isa = PBXGroup;
			children = (
			);
			path = Model;
			sourceTree = "<group>";
		};
		2381FA942749DBC700C93D5C /* View */ = {
			isa = PBXGroup;
			children = (
				2381FA952749DBC700C93D5C /* HisaabList */,
				2381FA982749DBC700C93D5C /* Insights */,
				2381FA9A2749DBC700C93D5C /* TabBarView.swift */,
				2381FA9C2749DBC700C93D5C /* Title */,
				2381FAA22749DBC700C93D5C /* ExpenseCardView.swift */,
				2381FAA32749DBC700C93D5C /* Profile */,
				2381FAA52749DBC700C93D5C /* AddExpense */,
				2381FAA82749DBC700C93D5C /* Custom */,
			);
			path = View;
			sourceTree = "<group>";
		};
		2381FA952749DBC700C93D5C /* HisaabList */ = {
			isa = PBXGroup;
			children = (
				2381FA962749DBC700C93D5C /* HisaabContoller.swift */,
				2381FA972749DBC700C93D5C /* HisaabListView.swift */,
			);
			path = HisaabList;
			sourceTree = "<group>";
		};
		2381FA982749DBC700C93D5C /* Insights */ = {
			isa = PBXGroup;
			children = (
				2381FA992749DBC700C93D5C /* InsightsView.swift */,
			);
			path = Insights;
			sourceTree = "<group>";
		};
		2381FA9C2749DBC700C93D5C /* Title */ = {
			isa = PBXGroup;
			children = (
				2381FA9D2749DBC700C93D5C /* ViewModels */,
				2381FA9F2749DBC700C93D5C /* TitleView.swift */,
				2381FAA02749DBC700C93D5C /* LoginView.swift */,
				2381FAA12749DBC700C93D5C /* SignupView.swift */,
			);
			path = Title;
			sourceTree = "<group>";
		};
		2381FA9D2749DBC700C93D5C /* ViewModels */ = {
			isa = PBXGroup;
			children = (
				2381FA9E2749DBC700C93D5C /* Authenticator.swift */,
			);
			path = ViewModels;
			sourceTree = "<group>";
		};
		2381FAA32749DBC700C93D5C /* Profile */ = {
			isa = PBXGroup;
			children = (
				2381FAA42749DBC700C93D5C /* ProfileView.swift */,
			);
			path = Profile;
			sourceTree = "<group>";
		};
		2381FAA52749DBC700C93D5C /* AddExpense */ = {
			isa = PBXGroup;
			children = (
				2381FAA62749DBC700C93D5C /* AddCategoryView.swift */,
				2381FAA72749DBC700C93D5C /* AddExpenseView.swift */,
			);
			path = AddExpense;
			sourceTree = "<group>";
		};
		2381FAA82749DBC700C93D5C /* Custom */ = {
			isa = PBXGroup;
			children = (
				2381FAA92749DBC700C93D5C /* LargeButtonView.swift */,
			);
			path = Custom;
			sourceTree = "<group>";
		};
/* End PBXGroup section */

/* Begin PBXNativeTarget section */
		2381FA532749DB4B00C93D5C /* HisaabCoreData */ = {
			isa = PBXNativeTarget;
			buildConfigurationList = 2381FA7D2749DB4E00C93D5C /* Build configuration list for PBXNativeTarget "HisaabCoreData" */;
			buildPhases = (
				2381FA502749DB4B00C93D5C /* Sources */,
				2381FA512749DB4B00C93D5C /* Frameworks */,
				2381FA522749DB4B00C93D5C /* Resources */,
			);
			buildRules = (
			);
			dependencies = (
			);
			name = HisaabCoreData;
			productName = HisaabCoreData;
			productReference = 2381FA542749DB4B00C93D5C /* HisaabCoreData.app */;
			productType = "com.apple.product-type.application";
		};
		2381FA682749DB4E00C93D5C /* HisaabCoreDataTests */ = {
			isa = PBXNativeTarget;
			buildConfigurationList = 2381FA802749DB4E00C93D5C /* Build configuration list for PBXNativeTarget "HisaabCoreDataTests" */;
			buildPhases = (
				2381FA652749DB4E00C93D5C /* Sources */,
				2381FA662749DB4E00C93D5C /* Frameworks */,
				2381FA672749DB4E00C93D5C /* Resources */,
			);
			buildRules = (
			);
			dependencies = (
				2381FA6B2749DB4E00C93D5C /* PBXTargetDependency */,
			);
			name = HisaabCoreDataTests;
			productName = HisaabCoreDataTests;
			productReference = 2381FA692749DB4E00C93D5C /* HisaabCoreDataTests.xctest */;
			productType = "com.apple.product-type.bundle.unit-test";
		};
		2381FA722749DB4E00C93D5C /* HisaabCoreDataUITests */ = {
			isa = PBXNativeTarget;
			buildConfigurationList = 2381FA832749DB4E00C93D5C /* Build configuration list for PBXNativeTarget "HisaabCoreDataUITests" */;
			buildPhases = (
				2381FA6F2749DB4E00C93D5C /* Sources */,
				2381FA702749DB4E00C93D5C /* Frameworks */,
				2381FA712749DB4E00C93D5C /* Resources */,
			);
			buildRules = (
			);
			dependencies = (
				2381FA752749DB4E00C93D5C /* PBXTargetDependency */,
			);
			name = HisaabCoreDataUITests;
			productName = HisaabCoreDataUITests;
			productReference = 2381FA732749DB4E00C93D5C /* HisaabCoreDataUITests.xctest */;
			productType = "com.apple.product-type.bundle.ui-testing";
		};
/* End PBXNativeTarget section */

/* Begin PBXProject section */
		2381FA4C2749DB4B00C93D5C /* Project object */ = {
			isa = PBXProject;
			attributes = {
				BuildIndependentTargetsInParallel = 1;
				LastSwiftUpdateCheck = 1310;
				LastUpgradeCheck = 1310;
				TargetAttributes = {
					2381FA532749DB4B00C93D5C = {
						CreatedOnToolsVersion = 13.1;
					};
					2381FA682749DB4E00C93D5C = {
						CreatedOnToolsVersion = 13.1;
						TestTargetID = 2381FA532749DB4B00C93D5C;
					};
					2381FA722749DB4E00C93D5C = {
						CreatedOnToolsVersion = 13.1;
						TestTargetID = 2381FA532749DB4B00C93D5C;
					};
				};
			};
			buildConfigurationList = 2381FA4F2749DB4B00C93D5C /* Build configuration list for PBXProject "HisaabCoreData" */;
			compatibilityVersion = "Xcode 13.0";
			developmentRegion = en;
			hasScannedForEncodings = 0;
			knownRegions = (
				en,
				Base,
			);
			mainGroup = 2381FA4B2749DB4B00C93D5C;
			productRefGroup = 2381FA552749DB4B00C93D5C /* Products */;
			projectDirPath = "";
			projectRoot = "";
			targets = (
				2381FA532749DB4B00C93D5C /* HisaabCoreData */,
				2381FA682749DB4E00C93D5C /* HisaabCoreDataTests */,
				2381FA722749DB4E00C93D5C /* HisaabCoreDataUITests */,
			);
		};
/* End PBXProject section */

/* Begin PBXResourcesBuildPhase section */
		2381FA522749DB4B00C93D5C /* Resources */ = {
			isa = PBXResourcesBuildPhase;
			buildActionMask = 2147483647;
			files = (
				2381FA5F2749DB4D00C93D5C /* Preview Assets.xcassets in Resources */,
				2381FA5C2749DB4D00C93D5C /* Assets.xcassets in Resources */,
			);
			runOnlyForDeploymentPostprocessing = 0;
		};
		2381FA672749DB4E00C93D5C /* Resources */ = {
			isa = PBXResourcesBuildPhase;
			buildActionMask = 2147483647;
			files = (
			);
			runOnlyForDeploymentPostprocessing = 0;
		};
		2381FA712749DB4E00C93D5C /* Resources */ = {
			isa = PBXResourcesBuildPhase;
			buildActionMask = 2147483647;
			files = (
			);
			runOnlyForDeploymentPostprocessing = 0;
		};
/* End PBXResourcesBuildPhase section */

/* Begin PBXSourcesBuildPhase section */
		2381FA502749DB4B00C93D5C /* Sources */ = {
			isa = PBXSourcesBuildPhase;
			buildActionMask = 2147483647;
			files = (
				2381FAB22749DBC700C93D5C /* SignupView.swift in Sources */,
				2381FA612749DB4D00C93D5C /* Persistence.swift in Sources */,
				2381FAB62749DBC700C93D5C /* AddExpenseView.swift in Sources */,
				2381FAAD2749DBC700C93D5C /* TabBarView.swift in Sources */,
				2381FAAC2749DBC700C93D5C /* InsightsView.swift in Sources */,
				2381FA5A2749DB4B00C93D5C /* ContentView.swift in Sources */,
				2381FAAB2749DBC700C93D5C /* HisaabListView.swift in Sources */,
				2381FA642749DB4D00C93D5C /* HisaabCoreData.xcdatamodeld in Sources */,
				2381FAAF2749DBC700C93D5C /* Authenticator.swift in Sources */,
				2381FA582749DB4B00C93D5C /* HisaabCoreDataApp.swift in Sources */,
				2381FAB12749DBC700C93D5C /* LoginView.swift in Sources */,
				2381FAB02749DBC700C93D5C /* TitleView.swift in Sources */,
				2381FAB72749DBC700C93D5C /* LargeButtonView.swift in Sources */,
				2381FAB32749DBC700C93D5C /* ExpenseCardView.swift in Sources */,
				2381FAAA2749DBC700C93D5C /* HisaabContoller.swift in Sources */,
				2381FAB42749DBC700C93D5C /* ProfileView.swift in Sources */,
				2381FAB52749DBC700C93D5C /* AddCategoryView.swift in Sources */,
			);
			runOnlyForDeploymentPostprocessing = 0;
		};
		2381FA652749DB4E00C93D5C /* Sources */ = {
			isa = PBXSourcesBuildPhase;
			buildActionMask = 2147483647;
			files = (
				2381FA6E2749DB4E00C93D5C /* HisaabCoreDataTests.swift in Sources */,
			);
			runOnlyForDeploymentPostprocessing = 0;
		};
		2381FA6F2749DB4E00C93D5C /* Sources */ = {
			isa = PBXSourcesBuildPhase;
			buildActionMask = 2147483647;
			files = (
				2381FA782749DB4E00C93D5C /* HisaabCoreDataUITests.swift in Sources */,
				2381FA7A2749DB4E00C93D5C /* HisaabCoreDataUITestsLaunchTests.swift in Sources */,
			);
			runOnlyForDeploymentPostprocessing = 0;
		};
/* End PBXSourcesBuildPhase section */

/* Begin PBXTargetDependency section */
		2381FA6B2749DB4E00C93D5C /* PBXTargetDependency */ = {
			isa = PBXTargetDependency;
			target = 2381FA532749DB4B00C93D5C /* HisaabCoreData */;
			targetProxy = 2381FA6A2749DB4E00C93D5C /* PBXContainerItemProxy */;
		};
		2381FA752749DB4E00C93D5C /* PBXTargetDependency */ = {
			isa = PBXTargetDependency;
			target = 2381FA532749DB4B00C93D5C /* HisaabCoreData */;
			targetProxy = 2381FA742749DB4E00C93D5C /* PBXContainerItemProxy */;
		};
/* End PBXTargetDependency section */

/* Begin XCBuildConfiguration section */
		2381FA7B2749DB4E00C93D5C /* Debug */ = {
			isa = XCBuildConfiguration;
			buildSettings = {
				ALWAYS_SEARCH_USER_PATHS = NO;
				CLANG_ANALYZER_NONNULL = YES;
				CLANG_ANALYZER_NUMBER_OBJECT_CONVERSION = YES_AGGRESSIVE;
				CLANG_CXX_LANGUAGE_STANDARD = "gnu++17";
				CLANG_CXX_LIBRARY = "libc++";
				CLANG_ENABLE_MODULES = YES;
				CLANG_ENABLE_OBJC_ARC = YES;
				CLANG_ENABLE_OBJC_WEAK = YES;
				CLANG_WARN_BLOCK_CAPTURE_AUTORELEASING = YES;
				CLANG_WARN_BOOL_CONVERSION = YES;
				CLANG_WARN_COMMA = YES;
				CLANG_WARN_CONSTANT_CONVERSION = YES;
				CLANG_WARN_DEPRECATED_OBJC_IMPLEMENTATIONS = YES;
				CLANG_WARN_DIRECT_OBJC_ISA_USAGE = YES_ERROR;
				CLANG_WARN_DOCUMENTATION_COMMENTS = YES;
				CLANG_WARN_EMPTY_BODY = YES;
				CLANG_WARN_ENUM_CONVERSION = YES;
				CLANG_WARN_INFINITE_RECURSION = YES;
				CLANG_WARN_INT_CONVERSION = YES;
				CLANG_WARN_NON_LITERAL_NULL_CONVERSION = YES;
				CLANG_WARN_OBJC_IMPLICIT_RETAIN_SELF = YES;
				CLANG_WARN_OBJC_LITERAL_CONVERSION = YES;
				CLANG_WARN_OBJC_ROOT_CLASS = YES_ERROR;
				CLANG_WARN_QUOTED_INCLUDE_IN_FRAMEWORK_HEADER = YES;
				CLANG_WARN_RANGE_LOOP_ANALYSIS = YES;
				CLANG_WARN_STRICT_PROTOTYPES = YES;
				CLANG_WARN_SUSPICIOUS_MOVE = YES;
				CLANG_WARN_UNGUARDED_AVAILABILITY = YES_AGGRESSIVE;
				CLANG_WARN_UNREACHABLE_CODE = YES;
				CLANG_WARN__DUPLICATE_METHOD_MATCH = YES;
				COPY_PHASE_STRIP = NO;
				DEBUG_INFORMATION_FORMAT = dwarf;
				ENABLE_STRICT_OBJC_MSGSEND = YES;
				ENABLE_TESTABILITY = YES;
				GCC_C_LANGUAGE_STANDARD = gnu11;
				GCC_DYNAMIC_NO_PIC = NO;
				GCC_NO_COMMON_BLOCKS = YES;
				GCC_OPTIMIZATION_LEVEL = 0;
				GCC_PREPROCESSOR_DEFINITIONS = (
					"DEBUG=1",
					"$(inherited)",
				);
				GCC_WARN_64_TO_32_BIT_CONVERSION = YES;
				GCC_WARN_ABOUT_RETURN_TYPE = YES_ERROR;
				GCC_WARN_UNDECLARED_SELECTOR = YES;
				GCC_WARN_UNINITIALIZED_AUTOS = YES_AGGRESSIVE;
				GCC_WARN_UNUSED_FUNCTION = YES;
				GCC_WARN_UNUSED_VARIABLE = YES;
				IPHONEOS_DEPLOYMENT_TARGET = 15.0;
				MTL_ENABLE_DEBUG_INFO = INCLUDE_SOURCE;
				MTL_FAST_MATH = YES;
				ONLY_ACTIVE_ARCH = YES;
				SDKROOT = iphoneos;
				SWIFT_ACTIVE_COMPILATION_CONDITIONS = DEBUG;
				SWIFT_OPTIMIZATION_LEVEL = "-Onone";
			};
			name = Debug;
		};
		2381FA7C2749DB4E00C93D5C /* Release */ = {
			isa = XCBuildConfiguration;
			buildSettings = {
				ALWAYS_SEARCH_USER_PATHS = NO;
				CLANG_ANALYZER_NONNULL = YES;
				CLANG_ANALYZER_NUMBER_OBJECT_CONVERSION = YES_AGGRESSIVE;
				CLANG_CXX_LANGUAGE_STANDARD = "gnu++17";
				CLANG_CXX_LIBRARY = "libc++";
				CLANG_ENABLE_MODULES = YES;
				CLANG_ENABLE_OBJC_ARC = YES;
				CLANG_ENABLE_OBJC_WEAK = YES;
				CLANG_WARN_BLOCK_CAPTURE_AUTORELEASING = YES;
				CLANG_WARN_BOOL_CONVERSION = YES;
				CLANG_WARN_COMMA = YES;
				CLANG_WARN_CONSTANT_CONVERSION = YES;
				CLANG_WARN_DEPRECATED_OBJC_IMPLEMENTATIONS = YES;
				CLANG_WARN_DIRECT_OBJC_ISA_USAGE = YES_ERROR;
				CLANG_WARN_DOCUMENTATION_COMMENTS = YES;
				CLANG_WARN_EMPTY_BODY = YES;
				CLANG_WARN_ENUM_CONVERSION = YES;
				CLANG_WARN_INFINITE_RECURSION = YES;
				CLANG_WARN_INT_CONVERSION = YES;
				CLANG_WARN_NON_LITERAL_NULL_CONVERSION = YES;
				CLANG_WARN_OBJC_IMPLICIT_RETAIN_SELF = YES;
				CLANG_WARN_OBJC_LITERAL_CONVERSION = YES;
				CLANG_WARN_OBJC_ROOT_CLASS = YES_ERROR;
				CLANG_WARN_QUOTED_INCLUDE_IN_FRAMEWORK_HEADER = YES;
				CLANG_WARN_RANGE_LOOP_ANALYSIS = YES;
				CLANG_WARN_STRICT_PROTOTYPES = YES;
				CLANG_WARN_SUSPICIOUS_MOVE = YES;
				CLANG_WARN_UNGUARDED_AVAILABILITY = YES_AGGRESSIVE;
				CLANG_WARN_UNREACHABLE_CODE = YES;
				CLANG_WARN__DUPLICATE_METHOD_MATCH = YES;
				COPY_PHASE_STRIP = NO;
				DEBUG_INFORMATION_FORMAT = "dwarf-with-dsym";
				ENABLE_NS_ASSERTIONS = NO;
				ENABLE_STRICT_OBJC_MSGSEND = YES;
				GCC_C_LANGUAGE_STANDARD = gnu11;
				GCC_NO_COMMON_BLOCKS = YES;
				GCC_WARN_64_TO_32_BIT_CONVERSION = YES;
				GCC_WARN_ABOUT_RETURN_TYPE = YES_ERROR;
				GCC_WARN_UNDECLARED_SELECTOR = YES;
				GCC_WARN_UNINITIALIZED_AUTOS = YES_AGGRESSIVE;
				GCC_WARN_UNUSED_FUNCTION = YES;
				GCC_WARN_UNUSED_VARIABLE = YES;
				IPHONEOS_DEPLOYMENT_TARGET = 15.0;
				MTL_ENABLE_DEBUG_INFO = NO;
				MTL_FAST_MATH = YES;
				SDKROOT = iphoneos;
				SWIFT_COMPILATION_MODE = wholemodule;
				SWIFT_OPTIMIZATION_LEVEL = "-O";
				VALIDATE_PRODUCT = YES;
			};
			name = Release;
		};
		2381FA7E2749DB4E00C93D5C /* Debug */ = {
			isa = XCBuildConfiguration;
			buildSettings = {
				ASSETCATALOG_COMPILER_APPICON_NAME = AppIcon;
				ASSETCATALOG_COMPILER_GLOBAL_ACCENT_COLOR_NAME = AccentColor;
				CODE_SIGN_STYLE = Automatic;
				CURRENT_PROJECT_VERSION = 1;
				DEVELOPMENT_ASSET_PATHS = "\"HisaabCoreData/Preview Content\"";
				DEVELOPMENT_TEAM = J3J54YQM42;
				ENABLE_PREVIEWS = YES;
				GENERATE_INFOPLIST_FILE = YES;
				INFOPLIST_KEY_UIApplicationSceneManifest_Generation = YES;
				INFOPLIST_KEY_UIApplicationSupportsIndirectInputEvents = YES;
				INFOPLIST_KEY_UILaunchScreen_Generation = YES;
				INFOPLIST_KEY_UISupportedInterfaceOrientations_iPad = "UIInterfaceOrientationPortrait UIInterfaceOrientationPortraitUpsideDown UIInterfaceOrientationLandscapeLeft UIInterfaceOrientationLandscapeRight";
				INFOPLIST_KEY_UISupportedInterfaceOrientations_iPhone = "UIInterfaceOrientationPortrait UIInterfaceOrientationLandscapeLeft UIInterfaceOrientationLandscapeRight";
				LD_RUNPATH_SEARCH_PATHS = (
					"$(inherited)",
					"@executable_path/Frameworks",
				);
				MARKETING_VERSION = 1.0;
				PRODUCT_BUNDLE_IDENTIFIER = com.vishwam.HisaabCoreData;
				PRODUCT_NAME = "$(TARGET_NAME)";
				SWIFT_EMIT_LOC_STRINGS = YES;
				SWIFT_VERSION = 5.0;
				TARGETED_DEVICE_FAMILY = "1,2";
			};
			name = Debug;
		};
		2381FA7F2749DB4E00C93D5C /* Release */ = {
			isa = XCBuildConfiguration;
			buildSettings = {
				ASSETCATALOG_COMPILER_APPICON_NAME = AppIcon;
				ASSETCATALOG_COMPILER_GLOBAL_ACCENT_COLOR_NAME = AccentColor;
				CODE_SIGN_STYLE = Automatic;
				CURRENT_PROJECT_VERSION = 1;
				DEVELOPMENT_ASSET_PATHS = "\"HisaabCoreData/Preview Content\"";
				DEVELOPMENT_TEAM = J3J54YQM42;
				ENABLE_PREVIEWS = YES;
				GENERATE_INFOPLIST_FILE = YES;
				INFOPLIST_KEY_UIApplicationSceneManifest_Generation = YES;
				INFOPLIST_KEY_UIApplicationSupportsIndirectInputEvents = YES;
				INFOPLIST_KEY_UILaunchScreen_Generation = YES;
				INFOPLIST_KEY_UISupportedInterfaceOrientations_iPad = "UIInterfaceOrientationPortrait UIInterfaceOrientationPortraitUpsideDown UIInterfaceOrientationLandscapeLeft UIInterfaceOrientationLandscapeRight";
				INFOPLIST_KEY_UISupportedInterfaceOrientations_iPhone = "UIInterfaceOrientationPortrait UIInterfaceOrientationLandscapeLeft UIInterfaceOrientationLandscapeRight";
				LD_RUNPATH_SEARCH_PATHS = (
					"$(inherited)",
					"@executable_path/Frameworks",
				);
				MARKETING_VERSION = 1.0;
				PRODUCT_BUNDLE_IDENTIFIER = com.vishwam.HisaabCoreData;
				PRODUCT_NAME = "$(TARGET_NAME)";
				SWIFT_EMIT_LOC_STRINGS = YES;
				SWIFT_VERSION = 5.0;
				TARGETED_DEVICE_FAMILY = "1,2";
			};
			name = Release;
		};
		2381FA812749DB4E00C93D5C /* Debug */ = {
			isa = XCBuildConfiguration;
			buildSettings = {
				ALWAYS_EMBED_SWIFT_STANDARD_LIBRARIES = YES;
				BUNDLE_LOADER = "$(TEST_HOST)";
				CODE_SIGN_STYLE = Automatic;
				CURRENT_PROJECT_VERSION = 1;
				DEVELOPMENT_TEAM = J3J54YQM42;
				GENERATE_INFOPLIST_FILE = YES;
				IPHONEOS_DEPLOYMENT_TARGET = 15.0;
				LD_RUNPATH_SEARCH_PATHS = (
					"$(inherited)",
					"@executable_path/Frameworks",
					"@loader_path/Frameworks",
				);
				MARKETING_VERSION = 1.0;
				PRODUCT_BUNDLE_IDENTIFIER = com.vishwam.HisaabCoreDataTests;
				PRODUCT_NAME = "$(TARGET_NAME)";
				SWIFT_EMIT_LOC_STRINGS = NO;
				SWIFT_VERSION = 5.0;
				TARGETED_DEVICE_FAMILY = "1,2";
				TEST_HOST = "$(BUILT_PRODUCTS_DIR)/HisaabCoreData.app/HisaabCoreData";
			};
			name = Debug;
		};
		2381FA822749DB4E00C93D5C /* Release */ = {
			isa = XCBuildConfiguration;
			buildSettings = {
				ALWAYS_EMBED_SWIFT_STANDARD_LIBRARIES = YES;
				BUNDLE_LOADER = "$(TEST_HOST)";
				CODE_SIGN_STYLE = Automatic;
				CURRENT_PROJECT_VERSION = 1;
				DEVELOPMENT_TEAM = J3J54YQM42;
				GENERATE_INFOPLIST_FILE = YES;
				IPHONEOS_DEPLOYMENT_TARGET = 15.0;
				LD_RUNPATH_SEARCH_PATHS = (
					"$(inherited)",
					"@executable_path/Frameworks",
					"@loader_path/Frameworks",
				);
				MARKETING_VERSION = 1.0;
				PRODUCT_BUNDLE_IDENTIFIER = com.vishwam.HisaabCoreDataTests;
				PRODUCT_NAME = "$(TARGET_NAME)";
				SWIFT_EMIT_LOC_STRINGS = NO;
				SWIFT_VERSION = 5.0;
				TARGETED_DEVICE_FAMILY = "1,2";
				TEST_HOST = "$(BUILT_PRODUCTS_DIR)/HisaabCoreData.app/HisaabCoreData";
			};
			name = Release;
		};
		2381FA842749DB4E00C93D5C /* Debug */ = {
			isa = XCBuildConfiguration;
			buildSettings = {
				ALWAYS_EMBED_SWIFT_STANDARD_LIBRARIES = YES;
				CODE_SIGN_STYLE = Automatic;
				CURRENT_PROJECT_VERSION = 1;
				DEVELOPMENT_TEAM = J3J54YQM42;
				GENERATE_INFOPLIST_FILE = YES;
				LD_RUNPATH_SEARCH_PATHS = (
					"$(inherited)",
					"@executable_path/Frameworks",
					"@loader_path/Frameworks",
				);
				MARKETING_VERSION = 1.0;
				PRODUCT_BUNDLE_IDENTIFIER = com.vishwam.HisaabCoreDataUITests;
				PRODUCT_NAME = "$(TARGET_NAME)";
				SWIFT_EMIT_LOC_STRINGS = NO;
				SWIFT_VERSION = 5.0;
				TARGETED_DEVICE_FAMILY = "1,2";
				TEST_TARGET_NAME = HisaabCoreData;
			};
			name = Debug;
		};
		2381FA852749DB4E00C93D5C /* Release */ = {
			isa = XCBuildConfiguration;
			buildSettings = {
				ALWAYS_EMBED_SWIFT_STANDARD_LIBRARIES = YES;
				CODE_SIGN_STYLE = Automatic;
				CURRENT_PROJECT_VERSION = 1;
				DEVELOPMENT_TEAM = J3J54YQM42;
				GENERATE_INFOPLIST_FILE = YES;
				LD_RUNPATH_SEARCH_PATHS = (
					"$(inherited)",
					"@executable_path/Frameworks",
					"@loader_path/Frameworks",
				);
				MARKETING_VERSION = 1.0;
				PRODUCT_BUNDLE_IDENTIFIER = com.vishwam.HisaabCoreDataUITests;
				PRODUCT_NAME = "$(TARGET_NAME)";
				SWIFT_EMIT_LOC_STRINGS = NO;
				SWIFT_VERSION = 5.0;
				TARGETED_DEVICE_FAMILY = "1,2";
				TEST_TARGET_NAME = HisaabCoreData;
			};
			name = Release;
		};
/* End XCBuildConfiguration section */

/* Begin XCConfigurationList section */
		2381FA4F2749DB4B00C93D5C /* Build configuration list for PBXProject "HisaabCoreData" */ = {
			isa = XCConfigurationList;
			buildConfigurations = (
				2381FA7B2749DB4E00C93D5C /* Debug */,
				2381FA7C2749DB4E00C93D5C /* Release */,
			);
			defaultConfigurationIsVisible = 0;
			defaultConfigurationName = Release;
		};
		2381FA7D2749DB4E00C93D5C /* Build configuration list for PBXNativeTarget "HisaabCoreData" */ = {
			isa = XCConfigurationList;
			buildConfigurations = (
				2381FA7E2749DB4E00C93D5C /* Debug */,
				2381FA7F2749DB4E00C93D5C /* Release */,
			);
			defaultConfigurationIsVisible = 0;
			defaultConfigurationName = Release;
		};
		2381FA802749DB4E00C93D5C /* Build configuration list for PBXNativeTarget "HisaabCoreDataTests" */ = {
			isa = XCConfigurationList;
			buildConfigurations = (
				2381FA812749DB4E00C93D5C /* Debug */,
				2381FA822749DB4E00C93D5C /* Release */,
			);
			defaultConfigurationIsVisible = 0;
			defaultConfigurationName = Release;
		};
		2381FA832749DB4E00C93D5C /* Build configuration list for PBXNativeTarget "HisaabCoreDataUITests" */ = {
			isa = XCConfigurationList;
			buildConfigurations = (
				2381FA842749DB4E00C93D5C /* Debug */,
				2381FA852749DB4E00C93D5C /* Release */,
			);
			defaultConfigurationIsVisible = 0;
			defaultConfigurationName = Release;
		};
/* End XCConfigurationList section */

/* Begin XCVersionGroup section */
		2381FA622749DB4D00C93D5C /* HisaabCoreData.xcdatamodeld */ = {
			isa = XCVersionGroup;
			children = (
				2381FA632749DB4D00C93D5C /* HisaabCoreData.xcdatamodel */,
			);
			currentVersion = 2381FA632749DB4D00C93D5C /* HisaabCoreData.xcdatamodel */;
			path = HisaabCoreData.xcdatamodeld;
			sourceTree = "<group>";
			versionGroupType = wrapper.xcdatamodel;
		};
/* End XCVersionGroup section */
	};
	rootObject = 2381FA4C2749DB4B00C93D5C /* Project object */;
}
